
Microsoft Visual Studio Solution File, Format Version 12.00
# Visual Studio 15
VisualStudioVersion = 15.0.27703.2026
MinimumVisualStudioVersion = 10.0.40219.1
Project("{9A19103F-16F7-4668-BE54-9A1E7A4F7556}") = "ChangeFeedFunction", "ChangeFeedLabSolution\ChangeFeedFunction.csproj", "{292A9F0F-829C-42EE-9CA7-761EAE45F95B}"
EndProject
Project("{FAE04EC0-301F-11D3-BF4B-00C04F79EFBC}") = "DataGenerator", "DataGenerator\DataGenerator.csproj", "{E0F57034-CDF9-4EFA-BB4C-25C21F914459}"
EndProject
Project("{9A19103F-16F7-4668-BE54-9A1E7A4F7556}") = "Personalization", "CosmosApp\Personalization.csproj", "{84855BB3-FA71-4E4D-9AC3-9A9B165E1155}"
EndProject
Project("{9A19103F-16F7-4668-BE54-9A1E7A4F7556}") = "CartView", "MaterializedCart\CartView.csproj", "{03CB52DF-6B50-4D7E-BE27-FB760CE9C847}"
EndProject
Project("{9A19103F-16F7-4668-BE54-9A1E7A4F7556}") = "Mockups", "InventoryMockup\Mockups.csproj", "{D9172F17-40C7-4BB3-B9DF-EFD9939DEDDE}"
EndProject
Project("{9A19103F-16F7-4668-BE54-9A1E7A4F7556}") = "DurableOrchestrationFunction", "DurableOrchestrationFunction\DurableOrchestrationFunction.csproj", "{FEB79576-8CCB-4448-B5CB-0AEC6E864F25}"
EndProject
Project("{FAE04EC0-301F-11D3-BF4B-00C04F79EFBC}") = "ChangeFeedPowerBIFunction", "ChangeFeedPowerBIFunction\ChangeFeedPowerBIFunction.csproj", "{55ACC14A-5505-4C44-AEC2-AD21484F230A}"
EndProject
Global
	GlobalSection(SolutionConfigurationPlatforms) = preSolution
		Debug|Any CPU = Debug|Any CPU
		Release|Any CPU = Release|Any CPU
	EndGlobalSection
	GlobalSection(ProjectConfigurationPlatforms) = postSolution
		{292A9F0F-829C-42EE-9CA7-761EAE45F95B}.Debug|Any CPU.ActiveCfg = Debug|Any CPU
		{292A9F0F-829C-42EE-9CA7-761EAE45F95B}.Debug|Any CPU.Build.0 = Debug|Any CPU
		{292A9F0F-829C-42EE-9CA7-761EAE45F95B}.Release|Any CPU.ActiveCfg = Release|Any CPU
		{292A9F0F-829C-42EE-9CA7-761EAE45F95B}.Release|Any CPU.Build.0 = Release|Any CPU
		{E0F57034-CDF9-4EFA-BB4C-25C21F914459}.Debug|Any CPU.ActiveCfg = Debug|Any CPU
		{E0F57034-CDF9-4EFA-BB4C-25C21F914459}.Debug|Any CPU.Build.0 = Debug|Any CPU
		{E0F57034-CDF9-4EFA-BB4C-25C21F914459}.Release|Any CPU.ActiveCfg = Release|Any CPU
		{E0F57034-CDF9-4EFA-BB4C-25C21F914459}.Release|Any CPU.Build.0 = Release|Any CPU
		{84855BB3-FA71-4E4D-9AC3-9A9B165E1155}.Debug|Any CPU.ActiveCfg = Debug|Any CPU
		{84855BB3-FA71-4E4D-9AC3-9A9B165E1155}.Debug|Any CPU.Build.0 = Debug|Any CPU
		{84855BB3-FA71-4E4D-9AC3-9A9B165E1155}.Release|Any CPU.ActiveCfg = Release|Any CPU
		{84855BB3-FA71-4E4D-9AC3-9A9B165E1155}.Release|Any CPU.Build.0 = Release|Any CPU
		{03CB52DF-6B50-4D7E-BE27-FB760CE9C847}.Debug|Any CPU.ActiveCfg = Debug|Any CPU
		{03CB52DF-6B50-4D7E-BE27-FB760CE9C847}.Debug|Any CPU.Build.0 = Debug|Any CPU
		{03CB52DF-6B50-4D7E-BE27-FB760CE9C847}.Release|Any CPU.ActiveCfg = Release|Any CPU
		{03CB52DF-6B50-4D7E-BE27-FB760CE9C847}.Release|Any CPU.Build.0 = Release|Any CPU
		{D9172F17-40C7-4BB3-B9DF-EFD9939DEDDE}.Debug|Any CPU.ActiveCfg = Debug|Any CPU
		{D9172F17-40C7-4BB3-B9DF-EFD9939DEDDE}.Debug|Any CPU.Build.0 = Debug|Any CPU
		{D9172F17-40C7-4BB3-B9DF-EFD9939DEDDE}.Release|Any CPU.ActiveCfg = Release|Any CPU
		{D9172F17-40C7-4BB3-B9DF-EFD9939DEDDE}.Release|Any CPU.Build.0 = Release|Any CPU
		{FEB79576-8CCB-4448-B5CB-0AEC6E864F25}.Debug|Any CPU.ActiveCfg = Debug|Any CPU
		{FEB79576-8CCB-4448-B5CB-0AEC6E864F25}.Debug|Any CPU.Build.0 = Debug|Any CPU
		{FEB79576-8CCB-4448-B5CB-0AEC6E864F25}.Release|Any CPU.ActiveCfg = Release|Any CPU
		{FEB79576-8CCB-4448-B5CB-0AEC6E864F25}.Release|Any CPU.Build.0 = Release|Any CPU
		{55ACC14A-5505-4C44-AEC2-AD21484F230A}.Debug|Any CPU.ActiveCfg = Debug|Any CPU
		{55ACC14A-5505-4C44-AEC2-AD21484F230A}.Debug|Any CPU.Build.0 = Debug|Any CPU
		{55ACC14A-5505-4C44-AEC2-AD21484F230A}.Release|Any CPU.ActiveCfg = Release|Any CPU
		{55ACC14A-5505-4C44-AEC2-AD21484F230A}.Release|Any CPU.Build.0 = Release|Any CPU
	EndGlobalSection
	GlobalSection(SolutionProperties) = preSolution
		HideSolutionNode = FALSE
	EndGlobalSection
	GlobalSection(ExtensibilityGlobals) = postSolution
		SolutionGuid = {67D853C3-6325-4B1A-85A7-87C0714709F6}
	EndGlobalSection
EndGlobal
